{
  "name": "tapestry",
  "lockfileVersion": 3,
  "requires": true,
  "packages": {
    "": {
      "devDependencies": {
        "@tapestry-mud/spec-lint": "0.2.1"
      }
    },
    "node_modules/@tapestry-mud/spec-lint": {
      "version": "0.2.1",
      "resolved": "https://registry.npmjs.org/@tapestry-mud/spec-lint/-/spec-lint-0.2.1.tgz",
      "integrity": "sha512-E3ZVNSLnChU6KOmOPD64WXZOU0pcwIqRC9DcZBOm5xXUWEoT5sWmX39SNi9phC5PZiOwrDW7eeWWSN4tn5ccdw==",
      "dev": true,
      "license": "AGPL-3.0-only",
      "bin": {
        "spec-lint": "src/cli.js"
      }
    }
  }
}
